// !$*UTF8*$!
{
	archiveVersion = 1;
	classes = {
	};
	objectVersion = 56;
	objects = {

/* Begin PBXBuildFile section */
		0246E9322C27AEAB00E01320 /* RealmSwift in Frameworks */ = {isa = PBXBuildFile; productRef = 0246E9312C27AEAB00E01320 /* RealmSwift */; };
		0246E9352C27AED000E01320 /* RealmSwift in Embed Frameworks */ = {isa = PBXBuildFile; productRef = 0246E9312C27AEAB00E01320 /* RealmSwift */; settings = {ATTRIBUTES = (CodeSignOnCopy, ); }; };
		0246E9372C27D47F00E01320 /* SchemaVersionManager.swift in Sources */ = {isa = PBXBuildFile; fileRef = 0246E9362C27D47F00E01320 /* SchemaVersionManager.swift */; };
		0246E93B2CB4EDFF00E01320 /* NewToDoTaskSheetView.swift in Sources */ = {isa = PBXBuildFile; fileRef = 0246E93A2CB4EDFF00E01320 /* NewToDoTaskSheetView.swift */; };
		0246E93E2CB4F5FD00E01320 /* CustomButtonSnippet.swift in Sources */ = {isa = PBXBuildFile; fileRef = 0246E93D2CB4F5FD00E01320 /* CustomButtonSnippet.swift */; };
		0246E9482CBD99CC00E01320 /* View+Keyboard.swift in Sources */ = {isa = PBXBuildFile; fileRef = 0246E9452CBD99CC00E01320 /* View+Keyboard.swift */; };
		0246E9492CBD99CC00E01320 /* String+Currency.swift in Sources */ = {isa = PBXBuildFile; fileRef = 0246E9462CBD99CC00E01320 /* String+Currency.swift */; };
		0246E94A2CBD99CC00E01320 /* Double+toString.swift in Sources */ = {isa = PBXBuildFile; fileRef = 0246E9472CBD99CC00E01320 /* Double+toString.swift */; };
		0272AA662B8AC716000869F1 /* CalculationView.swift in Sources */ = {isa = PBXBuildFile; fileRef = 0272AA652B8AC716000869F1 /* CalculationView.swift */; };
		0272AA682B8AC721000869F1 /* CalculationViewModel.swift in Sources */ = {isa = PBXBuildFile; fileRef = 0272AA672B8AC721000869F1 /* CalculationViewModel.swift */; };
		0272AA712B8ACEA8000869F1 /* LabeledAmountView.swift in Sources */ = {isa = PBXBuildFile; fileRef = 0272AA702B8ACEA8000869F1 /* LabeledAmountView.swift */; };
		0272AA732B8C0EC2000869F1 /* CalculationViewModelTests.swift in Sources */ = {isa = PBXBuildFile; fileRef = 0272AA722B8C0EC2000869F1 /* CalculationViewModelTests.swift */; };
		0295079D2CE1B382005961A9 /* StringHelper.swift in Sources */ = {isa = PBXBuildFile; fileRef = 0295079C2CE1B382005961A9 /* StringHelper.swift */; };
		02ABE0582BB75CE300FB27A0 /* MainTabBarItemView.swift in Sources */ = {isa = PBXBuildFile; fileRef = 02ABE0552BB75CE300FB27A0 /* MainTabBarItemView.swift */; };
		02ABE0592BB75CE300FB27A0 /* MainTabBarView.swift in Sources */ = {isa = PBXBuildFile; fileRef = 02ABE0562BB75CE300FB27A0 /* MainTabBarView.swift */; };
		02ABE05A2BB75CE300FB27A0 /* Tab.swift in Sources */ = {isa = PBXBuildFile; fileRef = 02ABE0572BB75CE300FB27A0 /* Tab.swift */; };
		02ABE05E2BB75FAB00FB27A0 /* TodoListView.swift in Sources */ = {isa = PBXBuildFile; fileRef = 02ABE05D2BB75FAB00FB27A0 /* TodoListView.swift */; };
		02ABE0602BB75FEE00FB27A0 /* TaskItem.swift in Sources */ = {isa = PBXBuildFile; fileRef = 02ABE05F2BB75FEE00FB27A0 /* TaskItem.swift */; };
		02ABE0622BB7628200FB27A0 /* TodoListViewModel.swift in Sources */ = {isa = PBXBuildFile; fileRef = 02ABE0612BB7628200FB27A0 /* TodoListViewModel.swift */; };
		02ABE0642BB7674400FB27A0 /* TaskRow.swift in Sources */ = {isa = PBXBuildFile; fileRef = 02ABE0632BB7674400FB27A0 /* TaskRow.swift */; };
		02DE03BB2B8AC0E3008FA65A /* tipsUITests.swift in Sources */ = {isa = PBXBuildFile; fileRef = 02DE03BA2B8AC0E3008FA65A /* tipsUITests.swift */; };
		02DE03BD2B8AC0E3008FA65A /* tipsUITestsLaunchTests.swift in Sources */ = {isa = PBXBuildFile; fileRef = 02DE03BC2B8AC0E3008FA65A /* tipsUITestsLaunchTests.swift */; };
		02DE03D22B8AC122008FA65A /* Localizable.xcstrings in Resources */ = {isa = PBXBuildFile; fileRef = 02DE03CA2B8AC122008FA65A /* Localizable.xcstrings */; };
		02DE03D32B8AC122008FA65A /* TipsApp.swift in Sources */ = {isa = PBXBuildFile; fileRef = 02DE03CB2B8AC122008FA65A /* TipsApp.swift */; };
		02DE03D52B8AC122008FA65A /* Preview Assets.xcassets in Resources */ = {isa = PBXBuildFile; fileRef = 02DE03CE2B8AC122008FA65A /* Preview Assets.xcassets */; };
		02DE03D62B8AC122008FA65A /* LaunchView.swift in Sources */ = {isa = PBXBuildFile; fileRef = 02DE03CF2B8AC122008FA65A /* LaunchView.swift */; };
		02DE03D82B8AC122008FA65A /* Color.swift in Sources */ = {isa = PBXBuildFile; fileRef = 02DE03D12B8AC122008FA65A /* Color.swift */; };
		02DE03DA2B8AC140008FA65A /* Assets.xcassets in Resources */ = {isa = PBXBuildFile; fileRef = 02DE03D92B8AC140008FA65A /* Assets.xcassets */; };
		02DE1A742BC9BB190027CADB /* TaskDetailView.swift in Sources */ = {isa = PBXBuildFile; fileRef = 02DE1A732BC9BB190027CADB /* TaskDetailView.swift */; };
		02DE1A762BCC43630027CADB /* Binding.swift in Sources */ = {isa = PBXBuildFile; fileRef = 02DE1A752BCC43630027CADB /* Binding.swift */; };
		02DE1A792BCDBACC0027CADB /* TodoListService.swift in Sources */ = {isa = PBXBuildFile; fileRef = 02DE1A782BCDBACC0027CADB /* TodoListService.swift */; };
		02ECE0292CD8808B004335A0 /* CurrencyTextField.swift in Sources */ = {isa = PBXBuildFile; fileRef = 02ECE0282CD8808B004335A0 /* CurrencyTextField.swift */; };
		02ECE02B2CD9D5A3004335A0 /* FloatingButton.swift in Sources */ = {isa = PBXBuildFile; fileRef = 02ECE02A2CD9D5A3004335A0 /* FloatingButton.swift */; };
/* End PBXBuildFile section */

/* Begin PBXContainerItemProxy section */
		02DE03AD2B8AC0E3008FA65A /* PBXContainerItemProxy */ = {
			isa = PBXContainerItemProxy;
			containerPortal = 02DE03942B8AC0E1008FA65A /* Project object */;
			proxyType = 1;
			remoteGlobalIDString = 02DE039B2B8AC0E1008FA65A;
			remoteInfo = tips;
		};
		02DE03B72B8AC0E3008FA65A /* PBXContainerItemProxy */ = {
			isa = PBXContainerItemProxy;
			containerPortal = 02DE03942B8AC0E1008FA65A /* Project object */;
			proxyType = 1;
			remoteGlobalIDString = 02DE039B2B8AC0E1008FA65A;
			remoteInfo = tips;
		};
/* End PBXContainerItemProxy section */

/* Begin PBXCopyFilesBuildPhase section */
		0246E9342C27AEAB00E01320 /* Embed Frameworks */ = {
			isa = PBXCopyFilesBuildPhase;
			buildActionMask = 2147483647;
			dstPath = "";
			dstSubfolderSpec = 10;
			files = (
				0246E9352C27AED000E01320 /* RealmSwift in Embed Frameworks */,
			);
			name = "Embed Frameworks";
			runOnlyForDeploymentPostprocessing = 0;
		};
/* End PBXCopyFilesBuildPhase section */

/* Begin PBXFileReference section */
		0246E9362C27D47F00E01320 /* SchemaVersionManager.swift */ = {isa = PBXFileReference; lastKnownFileType = sourcecode.swift; path = SchemaVersionManager.swift; sourceTree = "<group>"; };
		0246E93A2CB4EDFF00E01320 /* NewToDoTaskSheetView.swift */ = {isa = PBXFileReference; lastKnownFileType = sourcecode.swift; path = NewToDoTaskSheetView.swift; sourceTree = "<group>"; };
		0246E93D2CB4F5FD00E01320 /* CustomButtonSnippet.swift */ = {isa = PBXFileReference; lastKnownFileType = sourcecode.swift; path = CustomButtonSnippet.swift; sourceTree = "<group>"; };
		0246E9452CBD99CC00E01320 /* View+Keyboard.swift */ = {isa = PBXFileReference; fileEncoding = 4; lastKnownFileType = sourcecode.swift; path = "View+Keyboard.swift"; sourceTree = "<group>"; };
		0246E9462CBD99CC00E01320 /* String+Currency.swift */ = {isa = PBXFileReference; fileEncoding = 4; lastKnownFileType = sourcecode.swift; path = "String+Currency.swift"; sourceTree = "<group>"; };
		0246E9472CBD99CC00E01320 /* Double+toString.swift */ = {isa = PBXFileReference; fileEncoding = 4; lastKnownFileType = sourcecode.swift; path = "Double+toString.swift"; sourceTree = "<group>"; };
		0272AA652B8AC716000869F1 /* CalculationView.swift */ = {isa = PBXFileReference; lastKnownFileType = sourcecode.swift; path = CalculationView.swift; sourceTree = "<group>"; };
		0272AA672B8AC721000869F1 /* CalculationViewModel.swift */ = {isa = PBXFileReference; lastKnownFileType = sourcecode.swift; path = CalculationViewModel.swift; sourceTree = "<group>"; };
		0272AA702B8ACEA8000869F1 /* LabeledAmountView.swift */ = {isa = PBXFileReference; lastKnownFileType = sourcecode.swift; path = LabeledAmountView.swift; sourceTree = "<group>"; };
		0272AA722B8C0EC2000869F1 /* CalculationViewModelTests.swift */ = {isa = PBXFileReference; lastKnownFileType = sourcecode.swift; path = CalculationViewModelTests.swift; sourceTree = "<group>"; };
		0295079C2CE1B382005961A9 /* StringHelper.swift */ = {isa = PBXFileReference; lastKnownFileType = sourcecode.swift; path = StringHelper.swift; sourceTree = "<group>"; };
		02ABE0552BB75CE300FB27A0 /* MainTabBarItemView.swift */ = {isa = PBXFileReference; fileEncoding = 4; lastKnownFileType = sourcecode.swift; path = MainTabBarItemView.swift; sourceTree = "<group>"; };
		02ABE0562BB75CE300FB27A0 /* MainTabBarView.swift */ = {isa = PBXFileReference; fileEncoding = 4; lastKnownFileType = sourcecode.swift; path = MainTabBarView.swift; sourceTree = "<group>"; };
		02ABE0572BB75CE300FB27A0 /* Tab.swift */ = {isa = PBXFileReference; fileEncoding = 4; lastKnownFileType = sourcecode.swift; path = Tab.swift; sourceTree = "<group>"; };
		02ABE05D2BB75FAB00FB27A0 /* TodoListView.swift */ = {isa = PBXFileReference; lastKnownFileType = sourcecode.swift; path = TodoListView.swift; sourceTree = "<group>"; };
		02ABE05F2BB75FEE00FB27A0 /* TaskItem.swift */ = {isa = PBXFileReference; lastKnownFileType = sourcecode.swift; path = TaskItem.swift; sourceTree = "<group>"; };
		02ABE0612BB7628200FB27A0 /* TodoListViewModel.swift */ = {isa = PBXFileReference; lastKnownFileType = sourcecode.swift; path = TodoListViewModel.swift; sourceTree = "<group>"; };
		02ABE0632BB7674400FB27A0 /* TaskRow.swift */ = {isa = PBXFileReference; lastKnownFileType = sourcecode.swift; path = TaskRow.swift; sourceTree = "<group>"; };
		02C44A562B95893600C1E4BC /* Info.plist */ = {isa = PBXFileReference; lastKnownFileType = text.plist; name = Info.plist; path = Tips/Info.plist; sourceTree = "<group>"; };
		02DE039C2B8AC0E1008FA65A /* TipGenius.app */ = {isa = PBXFileReference; explicitFileType = wrapper.application; includeInIndex = 0; path = TipGenius.app; sourceTree = BUILT_PRODUCTS_DIR; };
		02DE03AC2B8AC0E3008FA65A /* TipGeniusTests.xctest */ = {isa = PBXFileReference; explicitFileType = wrapper.cfbundle; includeInIndex = 0; path = TipGeniusTests.xctest; sourceTree = BUILT_PRODUCTS_DIR; };
		02DE03B62B8AC0E3008FA65A /* TipGeniusUITests.xctest */ = {isa = PBXFileReference; explicitFileType = wrapper.cfbundle; includeInIndex = 0; path = TipGeniusUITests.xctest; sourceTree = BUILT_PRODUCTS_DIR; };
		02DE03BA2B8AC0E3008FA65A /* tipsUITests.swift */ = {isa = PBXFileReference; lastKnownFileType = sourcecode.swift; path = tipsUITests.swift; sourceTree = "<group>"; };
		02DE03BC2B8AC0E3008FA65A /* tipsUITestsLaunchTests.swift */ = {isa = PBXFileReference; lastKnownFileType = sourcecode.swift; path = tipsUITestsLaunchTests.swift; sourceTree = "<group>"; };
		02DE03CA2B8AC122008FA65A /* Localizable.xcstrings */ = {isa = PBXFileReference; fileEncoding = 4; lastKnownFileType = text.json.xcstrings; path = Localizable.xcstrings; sourceTree = "<group>"; };
		02DE03CB2B8AC122008FA65A /* TipsApp.swift */ = {isa = PBXFileReference; fileEncoding = 4; lastKnownFileType = sourcecode.swift; path = TipsApp.swift; sourceTree = "<group>"; };
		02DE03CE2B8AC122008FA65A /* Preview Assets.xcassets */ = {isa = PBXFileReference; lastKnownFileType = folder.assetcatalog; path = "Preview Assets.xcassets"; sourceTree = "<group>"; };
		02DE03CF2B8AC122008FA65A /* LaunchView.swift */ = {isa = PBXFileReference; fileEncoding = 4; lastKnownFileType = sourcecode.swift; path = LaunchView.swift; sourceTree = "<group>"; };
		02DE03D12B8AC122008FA65A /* Color.swift */ = {isa = PBXFileReference; fileEncoding = 4; lastKnownFileType = sourcecode.swift; path = Color.swift; sourceTree = "<group>"; };
		02DE03D92B8AC140008FA65A /* Assets.xcassets */ = {isa = PBXFileReference; lastKnownFileType = folder.assetcatalog; path = Assets.xcassets; sourceTree = "<group>"; };
		02DE1A732BC9BB190027CADB /* TaskDetailView.swift */ = {isa = PBXFileReference; lastKnownFileType = sourcecode.swift; path = TaskDetailView.swift; sourceTree = "<group>"; };
		02DE1A752BCC43630027CADB /* Binding.swift */ = {isa = PBXFileReference; lastKnownFileType = sourcecode.swift; path = Binding.swift; sourceTree = "<group>"; };
		02DE1A782BCDBACC0027CADB /* TodoListService.swift */ = {isa = PBXFileReference; lastKnownFileType = sourcecode.swift; path = TodoListService.swift; sourceTree = "<group>"; };
		02ECE0282CD8808B004335A0 /* CurrencyTextField.swift */ = {isa = PBXFileReference; lastKnownFileType = sourcecode.swift; path = CurrencyTextField.swift; sourceTree = "<group>"; };
		02ECE02A2CD9D5A3004335A0 /* FloatingButton.swift */ = {isa = PBXFileReference; lastKnownFileType = sourcecode.swift; path = FloatingButton.swift; sourceTree = "<group>"; };
/* End PBXFileReference section */

/* Begin PBXFrameworksBuildPhase section */
		02DE03992B8AC0E1008FA65A /* Frameworks */ = {
			isa = PBXFrameworksBuildPhase;
			buildActionMask = 2147483647;
			files = (
				0246E9322C27AEAB00E01320 /* RealmSwift in Frameworks */,
			);
			runOnlyForDeploymentPostprocessing = 0;
		};
		02DE03A92B8AC0E3008FA65A /* Frameworks */ = {
			isa = PBXFrameworksBuildPhase;
			buildActionMask = 2147483647;
			files = (
			);
			runOnlyForDeploymentPostprocessing = 0;
		};
		02DE03B32B8AC0E3008FA65A /* Frameworks */ = {
			isa = PBXFrameworksBuildPhase;
			buildActionMask = 2147483647;
			files = (
			);
			runOnlyForDeploymentPostprocessing = 0;
		};
/* End PBXFrameworksBuildPhase section */

/* Begin PBXGroup section */
		0246E92F2C27973C00E01320 /* Data */ = {
			isa = PBXGroup;
			children = (
				0246E9362C27D47F00E01320 /* SchemaVersionManager.swift */,
			);
			path = Data;
			sourceTree = "<group>";
		};
		0246E9302C27AEAB00E01320 /* Frameworks */ = {
			isa = PBXGroup;
			children = (
			);
			name = Frameworks;
			sourceTree = "<group>";
		};
		0246E93C2CB4F5E900E01320 /* Style */ = {
			isa = PBXGroup;
			children = (
				0246E93D2CB4F5FD00E01320 /* CustomButtonSnippet.swift */,
			);
			path = Style;
			sourceTree = "<group>";
		};
		0246E94B2CBD99DC00E01320 /* Realm */ = {
			isa = PBXGroup;
			children = (
			);
			path = Realm;
			sourceTree = "<group>";
		};
		0272AA642B8AC70A000869F1 /* Presentation */ = {
			isa = PBXGroup;
			children = (
				02ABE05C2BB75F8A00FB27A0 /* TodoList */,
				02ABE05B2BB75F7D00FB27A0 /* Calculation */,
			);
			path = Presentation;
			sourceTree = "<group>";
		};
		0272AA692B8AC724000869F1 /* Extension */ = {
			isa = PBXGroup;
			children = (
				0246E9472CBD99CC00E01320 /* Double+toString.swift */,
				0246E9462CBD99CC00E01320 /* String+Currency.swift */,
				0246E9452CBD99CC00E01320 /* View+Keyboard.swift */,
				02DE1A752BCC43630027CADB /* Binding.swift */,
			);
			path = Extension;
			sourceTree = "<group>";
		};
		0295079B2CE1B344005961A9 /* Utilities */ = {
			isa = PBXGroup;
			children = (
				0295079C2CE1B382005961A9 /* StringHelper.swift */,
			);
			path = Utilities;
			sourceTree = "<group>";
		};
		02ABE0542BB75CE300FB27A0 /* Tabbar */ = {
			isa = PBXGroup;
			children = (
				02ABE0552BB75CE300FB27A0 /* MainTabBarItemView.swift */,
				02ABE0562BB75CE300FB27A0 /* MainTabBarView.swift */,
				02ABE0572BB75CE300FB27A0 /* Tab.swift */,
			);
			path = Tabbar;
			sourceTree = "<group>";
		};
		02ABE05B2BB75F7D00FB27A0 /* Calculation */ = {
			isa = PBXGroup;
			children = (
				0272AA652B8AC716000869F1 /* CalculationView.swift */,
				0272AA672B8AC721000869F1 /* CalculationViewModel.swift */,
				0272AA702B8ACEA8000869F1 /* LabeledAmountView.swift */,
				02ECE0282CD8808B004335A0 /* CurrencyTextField.swift */,
			);
			path = Calculation;
			sourceTree = "<group>";
		};
		02ABE05C2BB75F8A00FB27A0 /* TodoList */ = {
			isa = PBXGroup;
			children = (
				02ABE05D2BB75FAB00FB27A0 /* TodoListView.swift */,
				02ABE05F2BB75FEE00FB27A0 /* TaskItem.swift */,
				02ABE0612BB7628200FB27A0 /* TodoListViewModel.swift */,
				02ABE0632BB7674400FB27A0 /* TaskRow.swift */,
				02DE1A732BC9BB190027CADB /* TaskDetailView.swift */,
				0246E93A2CB4EDFF00E01320 /* NewToDoTaskSheetView.swift */,
				02ECE02A2CD9D5A3004335A0 /* FloatingButton.swift */,
			);
			path = TodoList;
			sourceTree = "<group>";
		};
		02DE03932B8AC0E1008FA65A = {
			isa = PBXGroup;
			children = (
				02C44A562B95893600C1E4BC /* Info.plist */,
				02DE03C92B8AC122008FA65A /* Tips */,
				02DE03AF2B8AC0E3008FA65A /* TipsTests */,
				02DE03B92B8AC0E3008FA65A /* TipsUITests */,
				02DE039D2B8AC0E1008FA65A /* Products */,
				0246E9302C27AEAB00E01320 /* Frameworks */,
			);
			sourceTree = "<group>";
		};
		02DE039D2B8AC0E1008FA65A /* Products */ = {
			isa = PBXGroup;
			children = (
				02DE039C2B8AC0E1008FA65A /* TipGenius.app */,
				02DE03AC2B8AC0E3008FA65A /* TipGeniusTests.xctest */,
				02DE03B62B8AC0E3008FA65A /* TipGeniusUITests.xctest */,
			);
			name = Products;
			sourceTree = "<group>";
		};
		02DE03AF2B8AC0E3008FA65A /* TipsTests */ = {
			isa = PBXGroup;
			children = (
				0272AA722B8C0EC2000869F1 /* CalculationViewModelTests.swift */,
			);
			path = TipsTests;
			sourceTree = "<group>";
		};
		02DE03B92B8AC0E3008FA65A /* TipsUITests */ = {
			isa = PBXGroup;
			children = (
				02DE03BA2B8AC0E3008FA65A /* tipsUITests.swift */,
				02DE03BC2B8AC0E3008FA65A /* tipsUITestsLaunchTests.swift */,
			);
			path = TipsUITests;
			sourceTree = "<group>";
		};
		02DE03C92B8AC122008FA65A /* Tips */ = {
			isa = PBXGroup;
			children = (
				0295079B2CE1B344005961A9 /* Utilities */,
				0246E94B2CBD99DC00E01320 /* Realm */,
				0246E93C2CB4F5E900E01320 /* Style */,
				0246E92F2C27973C00E01320 /* Data */,
				02DE1A772BCDBAB20027CADB /* Domain */,
				02ABE0542BB75CE300FB27A0 /* Tabbar */,
				0272AA692B8AC724000869F1 /* Extension */,
				0272AA642B8AC70A000869F1 /* Presentation */,
				02DE03D92B8AC140008FA65A /* Assets.xcassets */,
				02DE03CA2B8AC122008FA65A /* Localizable.xcstrings */,
				02DE03CB2B8AC122008FA65A /* TipsApp.swift */,
				02DE03CD2B8AC122008FA65A /* Preview Content */,
				02DE03CF2B8AC122008FA65A /* LaunchView.swift */,
				02DE03D12B8AC122008FA65A /* Color.swift */,
			);
			path = Tips;
			sourceTree = "<group>";
		};
		02DE03CD2B8AC122008FA65A /* Preview Content */ = {
			isa = PBXGroup;
			children = (
				02DE03CE2B8AC122008FA65A /* Preview Assets.xcassets */,
			);
			path = "Preview Content";
			sourceTree = "<group>";
		};
		02DE1A772BCDBAB20027CADB /* Domain */ = {
			isa = PBXGroup;
			children = (
				02DE1A782BCDBACC0027CADB /* TodoListService.swift */,
			);
			path = Domain;
			sourceTree = "<group>";
		};
/* End PBXGroup section */

/* Begin PBXNativeTarget section */
		02DE039B2B8AC0E1008FA65A /* TipGenius */ = {
			isa = PBXNativeTarget;
			buildConfigurationList = 02DE03C02B8AC0E3008FA65A /* Build configuration list for PBXNativeTarget "TipGenius" */;
			buildPhases = (
				02DE03982B8AC0E1008FA65A /* Sources */,
				02DE03992B8AC0E1008FA65A /* Frameworks */,
				02DE039A2B8AC0E1008FA65A /* Resources */,
				0246E9342C27AEAB00E01320 /* Embed Frameworks */,
			);
			buildRules = (
			);
			dependencies = (
			);
			name = TipGenius;
			packageProductDependencies = (
				0246E9312C27AEAB00E01320 /* RealmSwift */,
			);
			productName = tips;
			productReference = 02DE039C2B8AC0E1008FA65A /* TipGenius.app */;
			productType = "com.apple.product-type.application";
		};
		02DE03AB2B8AC0E3008FA65A /* TipGeniusTests */ = {
			isa = PBXNativeTarget;
			buildConfigurationList = 02DE03C32B8AC0E3008FA65A /* Build configuration list for PBXNativeTarget "TipGeniusTests" */;
			buildPhases = (
				02DE03A82B8AC0E3008FA65A /* Sources */,
				02DE03A92B8AC0E3008FA65A /* Frameworks */,
				02DE03AA2B8AC0E3008FA65A /* Resources */,
			);
			buildRules = (
			);
			dependencies = (
				02DE03AE2B8AC0E3008FA65A /* PBXTargetDependency */,
			);
			name = TipGeniusTests;
			productName = tipsTests;
			productReference = 02DE03AC2B8AC0E3008FA65A /* TipGeniusTests.xctest */;
			productType = "com.apple.product-type.bundle.unit-test";
		};
		02DE03B52B8AC0E3008FA65A /* TipGeniusUITests */ = {
			isa = PBXNativeTarget;
			buildConfigurationList = 02DE03C62B8AC0E3008FA65A /* Build configuration list for PBXNativeTarget "TipGeniusUITests" */;
			buildPhases = (
				02DE03B22B8AC0E3008FA65A /* Sources */,
				02DE03B32B8AC0E3008FA65A /* Frameworks */,
				02DE03B42B8AC0E3008FA65A /* Resources */,
			);
			buildRules = (
			);
			dependencies = (
				02DE03B82B8AC0E3008FA65A /* PBXTargetDependency */,
			);
			name = TipGeniusUITests;
			productName = tipsUITests;
			productReference = 02DE03B62B8AC0E3008FA65A /* TipGeniusUITests.xctest */;
			productType = "com.apple.product-type.bundle.ui-testing";
		};
/* End PBXNativeTarget section */

/* Begin PBXProject section */
		02DE03942B8AC0E1008FA65A /* Project object */ = {
			isa = PBXProject;
			attributes = {
				BuildIndependentTargetsInParallel = 1;
				LastSwiftUpdateCheck = 1520;
				LastUpgradeCheck = 1520;
				TargetAttributes = {
					02DE039B2B8AC0E1008FA65A = {
						CreatedOnToolsVersion = 15.2;
					};
					02DE03AB2B8AC0E3008FA65A = {
						CreatedOnToolsVersion = 15.2;
						TestTargetID = 02DE039B2B8AC0E1008FA65A;
					};
					02DE03B52B8AC0E3008FA65A = {
						CreatedOnToolsVersion = 15.2;
						TestTargetID = 02DE039B2B8AC0E1008FA65A;
					};
				};
			};
			buildConfigurationList = 02DE03972B8AC0E1008FA65A /* Build configuration list for PBXProject "TipGenius" */;
			compatibilityVersion = "Xcode 14.0";
			developmentRegion = en;
			hasScannedForEncodings = 0;
			knownRegions = (
				en,
				Base,
			);
			mainGroup = 02DE03932B8AC0E1008FA65A;
			packageReferences = (
				020C78AD2C279040007F45F1 /* XCRemoteSwiftPackageReference "realm-swift" */,
			);
			productRefGroup = 02DE039D2B8AC0E1008FA65A /* Products */;
			projectDirPath = "";
			projectRoot = "";
			targets = (
				02DE039B2B8AC0E1008FA65A /* TipGenius */,
				02DE03AB2B8AC0E3008FA65A /* TipGeniusTests */,
				02DE03B52B8AC0E3008FA65A /* TipGeniusUITests */,
			);
		};
/* End PBXProject section */

/* Begin PBXResourcesBuildPhase section */
		02DE039A2B8AC0E1008FA65A /* Resources */ = {
			isa = PBXResourcesBuildPhase;
			buildActionMask = 2147483647;
			files = (
				02DE03D52B8AC122008FA65A /* Preview Assets.xcassets in Resources */,
				02DE03DA2B8AC140008FA65A /* Assets.xcassets in Resources */,
				02DE03D22B8AC122008FA65A /* Localizable.xcstrings in Resources */,
			);
			runOnlyForDeploymentPostprocessing = 0;
		};
		02DE03AA2B8AC0E3008FA65A /* Resources */ = {
			isa = PBXResourcesBuildPhase;
			buildActionMask = 2147483647;
			files = (
			);
			runOnlyForDeploymentPostprocessing = 0;
		};
		02DE03B42B8AC0E3008FA65A /* Resources */ = {
			isa = PBXResourcesBuildPhase;
			buildActionMask = 2147483647;
			files = (
			);
			runOnlyForDeploymentPostprocessing = 0;
		};
/* End PBXResourcesBuildPhase section */

/* Begin PBXSourcesBuildPhase section */
		02DE03982B8AC0E1008FA65A /* Sources */ = {
			isa = PBXSourcesBuildPhase;
			buildActionMask = 2147483647;
			files = (
				02ECE0292CD8808B004335A0 /* CurrencyTextField.swift in Sources */,
				02ABE0622BB7628200FB27A0 /* TodoListViewModel.swift in Sources */,
				02ECE02B2CD9D5A3004335A0 /* FloatingButton.swift in Sources */,
				02ABE0642BB7674400FB27A0 /* TaskRow.swift in Sources */,
				02DE1A792BCDBACC0027CADB /* TodoListService.swift in Sources */,
				02ABE0602BB75FEE00FB27A0 /* TaskItem.swift in Sources */,
				0246E93B2CB4EDFF00E01320 /* NewToDoTaskSheetView.swift in Sources */,
				02ABE0582BB75CE300FB27A0 /* MainTabBarItemView.swift in Sources */,
				02DE03D32B8AC122008FA65A /* TipsApp.swift in Sources */,
				0272AA712B8ACEA8000869F1 /* LabeledAmountView.swift in Sources */,
				02ABE05E2BB75FAB00FB27A0 /* TodoListView.swift in Sources */,
				02DE03D82B8AC122008FA65A /* Color.swift in Sources */,
				0272AA682B8AC721000869F1 /* CalculationViewModel.swift in Sources */,
				02ABE05A2BB75CE300FB27A0 /* Tab.swift in Sources */,
				02ABE0592BB75CE300FB27A0 /* MainTabBarView.swift in Sources */,
				0246E94A2CBD99CC00E01320 /* Double+toString.swift in Sources */,
				0272AA662B8AC716000869F1 /* CalculationView.swift in Sources */,
				0295079D2CE1B382005961A9 /* StringHelper.swift in Sources */,
				0246E9482CBD99CC00E01320 /* View+Keyboard.swift in Sources */,
				0246E9372C27D47F00E01320 /* SchemaVersionManager.swift in Sources */,
				02DE1A742BC9BB190027CADB /* TaskDetailView.swift in Sources */,
				02DE03D62B8AC122008FA65A /* LaunchView.swift in Sources */,
				0246E9492CBD99CC00E01320 /* String+Currency.swift in Sources */,
				0246E93E2CB4F5FD00E01320 /* CustomButtonSnippet.swift in Sources */,
				02DE1A762BCC43630027CADB /* Binding.swift in Sources */,
			);
			runOnlyForDeploymentPostprocessing = 0;
		};
		02DE03A82B8AC0E3008FA65A /* Sources */ = {
			isa = PBXSourcesBuildPhase;
			buildActionMask = 2147483647;
			files = (
				0272AA732B8C0EC2000869F1 /* CalculationViewModelTests.swift in Sources */,
			);
			runOnlyForDeploymentPostprocessing = 0;
		};
		02DE03B22B8AC0E3008FA65A /* Sources */ = {
			isa = PBXSourcesBuildPhase;
			buildActionMask = 2147483647;
			files = (
				02DE03BD2B8AC0E3008FA65A /* tipsUITestsLaunchTests.swift in Sources */,
				02DE03BB2B8AC0E3008FA65A /* tipsUITests.swift in Sources */,
			);
			runOnlyForDeploymentPostprocessing = 0;
		};
/* End PBXSourcesBuildPhase section */

/* Begin PBXTargetDependency section */
		02DE03AE2B8AC0E3008FA65A /* PBXTargetDependency */ = {
			isa = PBXTargetDependency;
			target = 02DE039B2B8AC0E1008FA65A /* TipGenius */;
			targetProxy = 02DE03AD2B8AC0E3008FA65A /* PBXContainerItemProxy */;
		};
		02DE03B82B8AC0E3008FA65A /* PBXTargetDependency */ = {
			isa = PBXTargetDependency;
			target = 02DE039B2B8AC0E1008FA65A /* TipGenius */;
			targetProxy = 02DE03B72B8AC0E3008FA65A /* PBXContainerItemProxy */;
		};
/* End PBXTargetDependency section */

/* Begin XCBuildConfiguration section */
		02DE03BE2B8AC0E3008FA65A /* Debug */ = {
			isa = XCBuildConfiguration;
			buildSettings = {
				ALWAYS_SEARCH_USER_PATHS = NO;
				ASSETCATALOG_COMPILER_GENERATE_SWIFT_ASSET_SYMBOL_EXTENSIONS = YES;
				CLANG_ANALYZER_NONNULL = YES;
				CLANG_ANALYZER_NUMBER_OBJECT_CONVERSION = YES_AGGRESSIVE;
				CLANG_CXX_LANGUAGE_STANDARD = "gnu++20";
				CLANG_ENABLE_MODULES = YES;
				CLANG_ENABLE_OBJC_ARC = YES;
				CLANG_ENABLE_OBJC_WEAK = YES;
				CLANG_WARN_BLOCK_CAPTURE_AUTORELEASING = YES;
				CLANG_WARN_BOOL_CONVERSION = YES;
				CLANG_WARN_COMMA = YES;
				CLANG_WARN_CONSTANT_CONVERSION = YES;
				CLANG_WARN_DEPRECATED_OBJC_IMPLEMENTATIONS = YES;
				CLANG_WARN_DIRECT_OBJC_ISA_USAGE = YES_ERROR;
				CLANG_WARN_DOCUMENTATION_COMMENTS = YES;
				CLANG_WARN_EMPTY_BODY = YES;
				CLANG_WARN_ENUM_CONVERSION = YES;
				CLANG_WARN_INFINITE_RECURSION = YES;
				CLANG_WARN_INT_CONVERSION = YES;
				CLANG_WARN_NON_LITERAL_NULL_CONVERSION = YES;
				CLANG_WARN_OBJC_IMPLICIT_RETAIN_SELF = YES;
				CLANG_WARN_OBJC_LITERAL_CONVERSION = YES;
				CLANG_WARN_OBJC_ROOT_CLASS = YES_ERROR;
				CLANG_WARN_QUOTED_INCLUDE_IN_FRAMEWORK_HEADER = YES;
				CLANG_WARN_RANGE_LOOP_ANALYSIS = YES;
				CLANG_WARN_STRICT_PROTOTYPES = YES;
				CLANG_WARN_SUSPICIOUS_MOVE = YES;
				CLANG_WARN_UNGUARDED_AVAILABILITY = YES_AGGRESSIVE;
				CLANG_WARN_UNREACHABLE_CODE = YES;
				CLANG_WARN__DUPLICATE_METHOD_MATCH = YES;
				COPY_PHASE_STRIP = NO;
				DEBUG_INFORMATION_FORMAT = dwarf;
				ENABLE_STRICT_OBJC_MSGSEND = YES;
				ENABLE_TESTABILITY = YES;
				ENABLE_USER_SCRIPT_SANDBOXING = YES;
				GCC_C_LANGUAGE_STANDARD = gnu17;
				GCC_DYNAMIC_NO_PIC = NO;
				GCC_NO_COMMON_BLOCKS = YES;
				GCC_OPTIMIZATION_LEVEL = 0;
				GCC_PREPROCESSOR_DEFINITIONS = (
					"DEBUG=1",
					"$(inherited)",
				);
				GCC_WARN_64_TO_32_BIT_CONVERSION = YES;
				GCC_WARN_ABOUT_RETURN_TYPE = YES_ERROR;
				GCC_WARN_UNDECLARED_SELECTOR = YES;
				GCC_WARN_UNINITIALIZED_AUTOS = YES_AGGRESSIVE;
				GCC_WARN_UNUSED_FUNCTION = YES;
				GCC_WARN_UNUSED_VARIABLE = YES;
				IPHONEOS_DEPLOYMENT_TARGET = 16.2;
				LOCALIZATION_PREFERS_STRING_CATALOGS = YES;
				MTL_ENABLE_DEBUG_INFO = INCLUDE_SOURCE;
				MTL_FAST_MATH = YES;
				ONLY_ACTIVE_ARCH = YES;
				SDKROOT = iphoneos;
				SWIFT_ACTIVE_COMPILATION_CONDITIONS = "DEBUG $(inherited)";
				SWIFT_OPTIMIZATION_LEVEL = "-Onone";
			};
			name = Debug;
		};
		02DE03BF2B8AC0E3008FA65A /* Release */ = {
			isa = XCBuildConfiguration;
			buildSettings = {
				ALWAYS_SEARCH_USER_PATHS = NO;
				ASSETCATALOG_COMPILER_GENERATE_SWIFT_ASSET_SYMBOL_EXTENSIONS = YES;
				CLANG_ANALYZER_NONNULL = YES;
				CLANG_ANALYZER_NUMBER_OBJECT_CONVERSION = YES_AGGRESSIVE;
				CLANG_CXX_LANGUAGE_STANDARD = "gnu++20";
				CLANG_ENABLE_MODULES = YES;
				CLANG_ENABLE_OBJC_ARC = YES;
				CLANG_ENABLE_OBJC_WEAK = YES;
				CLANG_WARN_BLOCK_CAPTURE_AUTORELEASING = YES;
				CLANG_WARN_BOOL_CONVERSION = YES;
				CLANG_WARN_COMMA = YES;
				CLANG_WARN_CONSTANT_CONVERSION = YES;
				CLANG_WARN_DEPRECATED_OBJC_IMPLEMENTATIONS = YES;
				CLANG_WARN_DIRECT_OBJC_ISA_USAGE = YES_ERROR;
				CLANG_WARN_DOCUMENTATION_COMMENTS = YES;
				CLANG_WARN_EMPTY_BODY = YES;
				CLANG_WARN_ENUM_CONVERSION = YES;
				CLANG_WARN_INFINITE_RECURSION = YES;
				CLANG_WARN_INT_CONVERSION = YES;
				CLANG_WARN_NON_LITERAL_NULL_CONVERSION = YES;
				CLANG_WARN_OBJC_IMPLICIT_RETAIN_SELF = YES;
				CLANG_WARN_OBJC_LITERAL_CONVERSION = YES;
				CLANG_WARN_OBJC_ROOT_CLASS = YES_ERROR;
				CLANG_WARN_QUOTED_INCLUDE_IN_FRAMEWORK_HEADER = YES;
				CLANG_WARN_RANGE_LOOP_ANALYSIS = YES;
				CLANG_WARN_STRICT_PROTOTYPES = YES;
				CLANG_WARN_SUSPICIOUS_MOVE = YES;
				CLANG_WARN_UNGUARDED_AVAILABILITY = YES_AGGRESSIVE;
				CLANG_WARN_UNREACHABLE_CODE = YES;
				CLANG_WARN__DUPLICATE_METHOD_MATCH = YES;
				COPY_PHASE_STRIP = NO;
				DEBUG_INFORMATION_FORMAT = "dwarf-with-dsym";
				ENABLE_NS_ASSERTIONS = NO;
				ENABLE_STRICT_OBJC_MSGSEND = YES;
				ENABLE_USER_SCRIPT_SANDBOXING = YES;
				GCC_C_LANGUAGE_STANDARD = gnu17;
				GCC_NO_COMMON_BLOCKS = YES;
				GCC_WARN_64_TO_32_BIT_CONVERSION = YES;
				GCC_WARN_ABOUT_RETURN_TYPE = YES_ERROR;
				GCC_WARN_UNDECLARED_SELECTOR = YES;
				GCC_WARN_UNINITIALIZED_AUTOS = YES_AGGRESSIVE;
				GCC_WARN_UNUSED_FUNCTION = YES;
				GCC_WARN_UNUSED_VARIABLE = YES;
				IPHONEOS_DEPLOYMENT_TARGET = 16.2;
				LOCALIZATION_PREFERS_STRING_CATALOGS = YES;
				MTL_ENABLE_DEBUG_INFO = NO;
				MTL_FAST_MATH = YES;
				SDKROOT = iphoneos;
				SWIFT_COMPILATION_MODE = wholemodule;
				VALIDATE_PRODUCT = YES;
			};
			name = Release;
		};
		02DE03C12B8AC0E3008FA65A /* Debug */ = {
			isa = XCBuildConfiguration;
			buildSettings = {
				ASSETCATALOG_COMPILER_APPICON_NAME = AppIcon;
				ASSETCATALOG_COMPILER_GLOBAL_ACCENT_COLOR_NAME = AccentColor;
				ASSETCATALOG_COMPILER_INCLUDE_ALL_APPICON_ASSETS = NO;
				CODE_SIGN_IDENTITY = "Apple Development";
				CODE_SIGN_STYLE = Automatic;
				CURRENT_PROJECT_VERSION = 20240303;
				DEVELOPMENT_ASSET_PATHS = "\"tips/Preview Content\"";
				DEVELOPMENT_TEAM = 8ZPPH6YVK2;
				ENABLE_PREVIEWS = YES;
				GENERATE_INFOPLIST_FILE = YES;
				INFOPLIST_FILE = Tips/Info.plist;
				INFOPLIST_KEY_CFBundleDisplayName = TipGenius;
				INFOPLIST_KEY_LSApplicationCategoryType = "public.app-category.finance";
				INFOPLIST_KEY_UIApplicationSceneManifest_Generation = YES;
				INFOPLIST_KEY_UIApplicationSupportsIndirectInputEvents = YES;
				INFOPLIST_KEY_UILaunchScreen_Generation = YES;
				INFOPLIST_KEY_UISupportedInterfaceOrientations_iPad = "UIInterfaceOrientationPortrait UIInterfaceOrientationPortraitUpsideDown UIInterfaceOrientationLandscapeLeft UIInterfaceOrientationLandscapeRight";
				INFOPLIST_KEY_UISupportedInterfaceOrientations_iPhone = "UIInterfaceOrientationPortrait UIInterfaceOrientationLandscapeLeft UIInterfaceOrientationLandscapeRight";
				IPHONEOS_DEPLOYMENT_TARGET = 16.0;
				LD_RUNPATH_SEARCH_PATHS = (
					"$(inherited)",
					"@executable_path/Frameworks",
				);
				MARKETING_VERSION = 1.1;
				PRODUCT_BUNDLE_IDENTIFIER = wade.chan.personal.com.tips;
				PRODUCT_NAME = "$(TARGET_NAME)";
				PROVISIONING_PROFILE_SPECIFIER = "";
				SWIFT_EMIT_LOC_STRINGS = YES;
				SWIFT_VERSION = 5.0;
				TARGETED_DEVICE_FAMILY = "1,2";
			};
			name = Debug;
		};
		02DE03C22B8AC0E3008FA65A /* Release */ = {
			isa = XCBuildConfiguration;
			buildSettings = {
				ASSETCATALOG_COMPILER_APPICON_NAME = AppIcon;
				ASSETCATALOG_COMPILER_GLOBAL_ACCENT_COLOR_NAME = AccentColor;
				ASSETCATALOG_COMPILER_INCLUDE_ALL_APPICON_ASSETS = NO;
				CODE_SIGN_IDENTITY = "Apple Development";
				CODE_SIGN_STYLE = Automatic;
				CURRENT_PROJECT_VERSION = 20240303;
				DEVELOPMENT_ASSET_PATHS = "\"tips/Preview Content\"";
				DEVELOPMENT_TEAM = 8ZPPH6YVK2;
				ENABLE_PREVIEWS = YES;
				GENERATE_INFOPLIST_FILE = YES;
				INFOPLIST_FILE = Tips/Info.plist;
				INFOPLIST_KEY_CFBundleDisplayName = TipGenius;
				INFOPLIST_KEY_LSApplicationCategoryType = "public.app-category.finance";
				INFOPLIST_KEY_UIApplicationSceneManifest_Generation = YES;
				INFOPLIST_KEY_UIApplicationSupportsIndirectInputEvents = YES;
				INFOPLIST_KEY_UILaunchScreen_Generation = YES;
				INFOPLIST_KEY_UISupportedInterfaceOrientations_iPad = "UIInterfaceOrientationPortrait UIInterfaceOrientationPortraitUpsideDown UIInterfaceOrientationLandscapeLeft UIInterfaceOrientationLandscapeRight";
				INFOPLIST_KEY_UISupportedInterfaceOrientations_iPhone = "UIInterfaceOrientationPortrait UIInterfaceOrientationLandscapeLeft UIInterfaceOrientationLandscapeRight";
				IPHONEOS_DEPLOYMENT_TARGET = 16.0;
				LD_RUNPATH_SEARCH_PATHS = (
					"$(inherited)",
					"@executable_path/Frameworks",
				);
				MARKETING_VERSION = 1.1;
				PRODUCT_BUNDLE_IDENTIFIER = wade.chan.personal.com.tips;
				PRODUCT_NAME = "$(TARGET_NAME)";
				PROVISIONING_PROFILE_SPECIFIER = "";
				SWIFT_EMIT_LOC_STRINGS = YES;
				SWIFT_VERSION = 5.0;
				TARGETED_DEVICE_FAMILY = "1,2";
			};
			name = Release;
		};
		02DE03C42B8AC0E3008FA65A /* Debug */ = {
			isa = XCBuildConfiguration;
			buildSettings = {
				ALWAYS_EMBED_SWIFT_STANDARD_LIBRARIES = YES;
				BUNDLE_LOADER = "$(TEST_HOST)";
				CODE_SIGN_STYLE = Automatic;
				CURRENT_PROJECT_VERSION = 1;
				DEVELOPMENT_TEAM = 8ZPPH6YVK2;
				GENERATE_INFOPLIST_FILE = YES;
				IPHONEOS_DEPLOYMENT_TARGET = 16.0;
				MARKETING_VERSION = 1.0;
				PRODUCT_BUNDLE_IDENTIFIER = wade.chan.personal.com.tipsTests;
				PRODUCT_NAME = "$(TARGET_NAME)";
				SWIFT_EMIT_LOC_STRINGS = NO;
				SWIFT_VERSION = 5.0;
				TARGETED_DEVICE_FAMILY = "1,2";
				TEST_HOST = "$(BUILT_PRODUCTS_DIR)/TipGenius.app/$(BUNDLE_EXECUTABLE_FOLDER_PATH)/TipGenius";
			};
			name = Debug;
		};
		02DE03C52B8AC0E3008FA65A /* Release */ = {
			isa = XCBuildConfiguration;
			buildSettings = {
				ALWAYS_EMBED_SWIFT_STANDARD_LIBRARIES = YES;
				BUNDLE_LOADER = "$(TEST_HOST)";
				CODE_SIGN_STYLE = Automatic;
				CURRENT_PROJECT_VERSION = 1;
				DEVELOPMENT_TEAM = 8ZPPH6YVK2;
				GENERATE_INFOPLIST_FILE = YES;
				IPHONEOS_DEPLOYMENT_TARGET = 16.0;
				MARKETING_VERSION = 1.0;
				PRODUCT_BUNDLE_IDENTIFIER = wade.chan.personal.com.tipsTests;
				PRODUCT_NAME = "$(TARGET_NAME)";
				SWIFT_EMIT_LOC_STRINGS = NO;
				SWIFT_VERSION = 5.0;
				TARGETED_DEVICE_FAMILY = "1,2";
				TEST_HOST = "$(BUILT_PRODUCTS_DIR)/TipGenius.app/$(BUNDLE_EXECUTABLE_FOLDER_PATH)/TipGenius";
			};
			name = Release;
		};
		02DE03C72B8AC0E3008FA65A /* Debug */ = {
			isa = XCBuildConfiguration;
			buildSettings = {
				ALWAYS_EMBED_SWIFT_STANDARD_LIBRARIES = YES;
				CODE_SIGN_STYLE = Automatic;
				CURRENT_PROJECT_VERSION = 1;
				DEVELOPMENT_TEAM = 8ZPPH6YVK2;
				GENERATE_INFOPLIST_FILE = YES;
				IPHONEOS_DEPLOYMENT_TARGET = 16.0;
				MARKETING_VERSION = 1.0;
				PRODUCT_BUNDLE_IDENTIFIER = wade.chan.personal.com.tipsUITests;
				PRODUCT_NAME = "$(TARGET_NAME)";
				SWIFT_EMIT_LOC_STRINGS = NO;
				SWIFT_VERSION = 5.0;
				TARGETED_DEVICE_FAMILY = "1,2";
				TEST_TARGET_NAME = tips;
			};
			name = Debug;
		};
		02DE03C82B8AC0E3008FA65A /* Release */ = {
			isa = XCBuildConfiguration;
			buildSettings = {
				ALWAYS_EMBED_SWIFT_STANDARD_LIBRARIES = YES;
				CODE_SIGN_STYLE = Automatic;
				CURRENT_PROJECT_VERSION = 1;
				DEVELOPMENT_TEAM = 8ZPPH6YVK2;
				GENERATE_INFOPLIST_FILE = YES;
				IPHONEOS_DEPLOYMENT_TARGET = 16.0;
				MARKETING_VERSION = 1.0;
				PRODUCT_BUNDLE_IDENTIFIER = wade.chan.personal.com.tipsUITests;
				PRODUCT_NAME = "$(TARGET_NAME)";
				SWIFT_EMIT_LOC_STRINGS = NO;
				SWIFT_VERSION = 5.0;
				TARGETED_DEVICE_FAMILY = "1,2";
				TEST_TARGET_NAME = tips;
			};
			name = Release;
		};
/* End XCBuildConfiguration section */

/* Begin XCConfigurationList section */
		02DE03972B8AC0E1008FA65A /* Build configuration list for PBXProject "TipGenius" */ = {
			isa = XCConfigurationList;
			buildConfigurations = (
				02DE03BE2B8AC0E3008FA65A /* Debug */,
				02DE03BF2B8AC0E3008FA65A /* Release */,
			);
			defaultConfigurationIsVisible = 0;
			defaultConfigurationName = Release;
		};
		02DE03C02B8AC0E3008FA65A /* Build configuration list for PBXNativeTarget "TipGenius" */ = {
			isa = XCConfigurationList;
			buildConfigurations = (
				02DE03C12B8AC0E3008FA65A /* Debug */,
				02DE03C22B8AC0E3008FA65A /* Release */,
			);
			defaultConfigurationIsVisible = 0;
			defaultConfigurationName = Release;
		};
		02DE03C32B8AC0E3008FA65A /* Build configuration list for PBXNativeTarget "TipGeniusTests" */ = {
			isa = XCConfigurationList;
			buildConfigurations = (
				02DE03C42B8AC0E3008FA65A /* Debug */,
				02DE03C52B8AC0E3008FA65A /* Release */,
			);
			defaultConfigurationIsVisible = 0;
			defaultConfigurationName = Release;
		};
		02DE03C62B8AC0E3008FA65A /* Build configuration list for PBXNativeTarget "TipGeniusUITests" */ = {
			isa = XCConfigurationList;
			buildConfigurations = (
				02DE03C72B8AC0E3008FA65A /* Debug */,
				02DE03C82B8AC0E3008FA65A /* Release */,
			);
			defaultConfigurationIsVisible = 0;
			defaultConfigurationName = Release;
		};
/* End XCConfigurationList section */

/* Begin XCRemoteSwiftPackageReference section */
		020C78AD2C279040007F45F1 /* XCRemoteSwiftPackageReference "realm-swift" */ = {
			isa = XCRemoteSwiftPackageReference;
			repositoryURL = "https://github.com/realm/realm-swift.git";
			requirement = {
				kind = upToNextMajorVersion;
				minimumVersion = 10.49.3;
			};
		};
/* End XCRemoteSwiftPackageReference section */

/* Begin XCSwiftPackageProductDependency section */
		0246E9312C27AEAB00E01320 /* RealmSwift */ = {
			isa = XCSwiftPackageProductDependency;
			package = 020C78AD2C279040007F45F1 /* XCRemoteSwiftPackageReference "realm-swift" */;
			productName = RealmSwift;
		};
/* End XCSwiftPackageProductDependency section */
	};
	rootObject = 02DE03942B8AC0E1008FA65A /* Project object */;
}
